
Microsoft Visual Studio Solution File, Format Version 12.00
# Visual Studio 14
VisualStudioVersion = 14.0.23107.0
MinimumVisualStudioVersion = 10.0.40219.1
Project("{FAE04EC0-301F-11D3-BF4B-00C04F79EFBC}") = "RandomPeople", "RandomPeople\RandomPeople\RandomPeople.csproj", "{7F9B3175-7DB0-40D6-801A-B12C689D69AC}"
EndProject
Project("{FAE04EC0-301F-11D3-BF4B-00C04F79EFBC}") = "RandomPeople.iOS", "RandomPeople\RandomPeople.iOS\RandomPeople.iOS.csproj", "{E99B1918-9280-4EB8-96E2-153BB9D9CA52}"
EndProject
Project("{FAE04EC0-301F-11D3-BF4B-00C04F79EFBC}") = "RandomPeople.Droid", "RandomPeople\RandomPeople.Droid\RandomPeople.Droid.csproj", "{1FCD2607-CF58-4A85-9CC7-465ACB3D72B0}"
EndProject
Project("{FAE04EC0-301F-11D3-BF4B-00C04F79EFBC}") = "RandomPeople.WinPhone", "RandomPeople\RandomPeople.WinPhone\RandomPeople.WinPhone.csproj", "{23DE71DA-FF23-4554-99C5-0541ADAE8808}"
EndProject
Global
	GlobalSection(SolutionConfigurationPlatforms) = preSolution
		Ad-Hoc|Any CPU = Ad-Hoc|Any CPU
		Ad-Hoc|ARM = Ad-Hoc|ARM
		Ad-Hoc|iPhone = Ad-Hoc|iPhone
		Ad-Hoc|iPhoneSimulator = Ad-Hoc|iPhoneSimulator
		Ad-Hoc|x86 = Ad-Hoc|x86
		AppStore|Any CPU = AppStore|Any CPU
		AppStore|ARM = AppStore|ARM
		AppStore|iPhone = AppStore|iPhone
		AppStore|iPhoneSimulator = AppStore|iPhoneSimulator
		AppStore|x86 = AppStore|x86
		Debug|Any CPU = Debug|Any CPU
		Debug|ARM = Debug|ARM
		Debug|iPhone = Debug|iPhone
		Debug|iPhoneSimulator = Debug|iPhoneSimulator
		Debug|x86 = Debug|x86
		Release|Any CPU = Release|Any CPU
		Release|ARM = Release|ARM
		Release|iPhone = Release|iPhone
		Release|iPhoneSimulator = Release|iPhoneSimulator
		Release|x86 = Release|x86
	EndGlobalSection
	GlobalSection(ProjectConfigurationPlatforms) = postSolution
		{7F9B3175-7DB0-40D6-801A-B12C689D69AC}.Ad-Hoc|Any CPU.ActiveCfg = Release|Any CPU
		{7F9B3175-7DB0-40D6-801A-B12C689D69AC}.Ad-Hoc|Any CPU.Build.0 = Release|Any CPU
		{7F9B3175-7DB0-40D6-801A-B12C689D69AC}.Ad-Hoc|ARM.ActiveCfg = Release|Any CPU
		{7F9B3175-7DB0-40D6-801A-B12C689D69AC}.Ad-Hoc|ARM.Build.0 = Release|Any CPU
		{7F9B3175-7DB0-40D6-801A-B12C689D69AC}.Ad-Hoc|iPhone.ActiveCfg = Release|Any CPU
		{7F9B3175-7DB0-40D6-801A-B12C689D69AC}.Ad-Hoc|iPhone.Build.0 = Release|Any CPU
		{7F9B3175-7DB0-40D6-801A-B12C689D69AC}.Ad-Hoc|iPhoneSimulator.ActiveCfg = Release|Any CPU
		{7F9B3175-7DB0-40D6-801A-B12C689D69AC}.Ad-Hoc|iPhoneSimulator.Build.0 = Release|Any CPU
		{7F9B3175-7DB0-40D6-801A-B12C689D69AC}.Ad-Hoc|x86.ActiveCfg = Release|Any CPU
		{7F9B3175-7DB0-40D6-801A-B12C689D69AC}.Ad-Hoc|x86.Build.0 = Release|Any CPU
		{7F9B3175-7DB0-40D6-801A-B12C689D69AC}.AppStore|Any CPU.ActiveCfg = Release|Any CPU
		{7F9B3175-7DB0-40D6-801A-B12C689D69AC}.AppStore|Any CPU.Build.0 = Release|Any CPU
		{7F9B3175-7DB0-40D6-801A-B12C689D69AC}.AppStore|ARM.ActiveCfg = Release|Any CPU
		{7F9B3175-7DB0-40D6-801A-B12C689D69AC}.AppStore|ARM.Build.0 = Release|Any CPU
		{7F9B3175-7DB0-40D6-801A-B12C689D69AC}.AppStore|iPhone.ActiveCfg = Release|Any CPU
		{7F9B3175-7DB0-40D6-801A-B12C689D69AC}.AppStore|iPhone.Build.0 = Release|Any CPU
		{7F9B3175-7DB0-40D6-801A-B12C689D69AC}.AppStore|iPhoneSimulator.ActiveCfg = Release|Any CPU
		{7F9B3175-7DB0-40D6-801A-B12C689D69AC}.AppStore|iPhoneSimulator.Build.0 = Release|Any CPU
		{7F9B3175-7DB0-40D6-801A-B12C689D69AC}.AppStore|x86.ActiveCfg = Release|Any CPU
		{7F9B3175-7DB0-40D6-801A-B12C689D69AC}.AppStore|x86.Build.0 = Release|Any CPU
		{7F9B3175-7DB0-40D6-801A-B12C689D69AC}.Debug|Any CPU.ActiveCfg = Debug|Any CPU
		{7F9B3175-7DB0-40D6-801A-B12C689D69AC}.Debug|Any CPU.Build.0 = Debug|Any CPU
		{7F9B3175-7DB0-40D6-801A-B12C689D69AC}.Debug|ARM.ActiveCfg = Debug|Any CPU
		{7F9B3175-7DB0-40D6-801A-B12C689D69AC}.Debug|ARM.Build.0 = Debug|Any CPU
		{7F9B3175-7DB0-40D6-801A-B12C689D69AC}.Debug|iPhone.ActiveCfg = Debug|Any CPU
		{7F9B3175-7DB0-40D6-801A-B12C689D69AC}.Debug|iPhone.Build.0 = Debug|Any CPU
		{7F9B3175-7DB0-40D6-801A-B12C689D69AC}.Debug|iPhoneSimulator.ActiveCfg = Debug|Any CPU
		{7F9B3175-7DB0-40D6-801A-B12C689D69AC}.Debug|iPhoneSimulator.Build.0 = Debug|Any CPU
		{7F9B3175-7DB0-40D6-801A-B12C689D69AC}.Debug|x86.ActiveCfg = Debug|Any CPU
		{7F9B3175-7DB0-40D6-801A-B12C689D69AC}.Debug|x86.Build.0 = Debug|Any CPU
		{7F9B3175-7DB0-40D6-801A-B12C689D69AC}.Release|Any CPU.ActiveCfg = Release|Any CPU
		{7F9B3175-7DB0-40D6-801A-B12C689D69AC}.Release|Any CPU.Build.0 = Release|Any CPU
		{7F9B3175-7DB0-40D6-801A-B12C689D69AC}.Release|ARM.ActiveCfg = Release|Any CPU
		{7F9B3175-7DB0-40D6-801A-B12C689D69AC}.Release|ARM.Build.0 = Release|Any CPU
		{7F9B3175-7DB0-40D6-801A-B12C689D69AC}.Release|iPhone.ActiveCfg = Release|Any CPU
		{7F9B3175-7DB0-40D6-801A-B12C689D69AC}.Release|iPhone.Build.0 = Release|Any CPU
		{7F9B3175-7DB0-40D6-801A-B12C689D69AC}.Release|iPhoneSimulator.ActiveCfg = Release|Any CPU
		{7F9B3175-7DB0-40D6-801A-B12C689D69AC}.Release|iPhoneSimulator.Build.0 = Release|Any CPU
		{7F9B3175-7DB0-40D6-801A-B12C689D69AC}.Release|x86.ActiveCfg = Release|Any CPU
		{7F9B3175-7DB0-40D6-801A-B12C689D69AC}.Release|x86.Build.0 = Release|Any CPU
		{E99B1918-9280-4EB8-96E2-153BB9D9CA52}.Ad-Hoc|Any CPU.ActiveCfg = Ad-Hoc|iPhone
		{E99B1918-9280-4EB8-96E2-153BB9D9CA52}.Ad-Hoc|ARM.ActiveCfg = Ad-Hoc|iPhone
		{E99B1918-9280-4EB8-96E2-153BB9D9CA52}.Ad-Hoc|iPhone.ActiveCfg = Ad-Hoc|iPhone
		{E99B1918-9280-4EB8-96E2-153BB9D9CA52}.Ad-Hoc|iPhone.Build.0 = Ad-Hoc|iPhone
		{E99B1918-9280-4EB8-96E2-153BB9D9CA52}.Ad-Hoc|iPhoneSimulator.ActiveCfg = Ad-Hoc|iPhoneSimulator
		{E99B1918-9280-4EB8-96E2-153BB9D9CA52}.Ad-Hoc|iPhoneSimulator.Build.0 = Ad-Hoc|iPhoneSimulator
		{E99B1918-9280-4EB8-96E2-153BB9D9CA52}.Ad-Hoc|x86.ActiveCfg = Ad-Hoc|iPhone
		{E99B1918-9280-4EB8-96E2-153BB9D9CA52}.AppStore|Any CPU.ActiveCfg = AppStore|iPhone
		{E99B1918-9280-4EB8-96E2-153BB9D9CA52}.AppStore|ARM.ActiveCfg = AppStore|iPhone
		{E99B1918-9280-4EB8-96E2-153BB9D9CA52}.AppStore|iPhone.ActiveCfg = AppStore|iPhone
		{E99B1918-9280-4EB8-96E2-153BB9D9CA52}.AppStore|iPhone.Build.0 = AppStore|iPhone
		{E99B1918-9280-4EB8-96E2-153BB9D9CA52}.AppStore|iPhoneSimulator.ActiveCfg = AppStore|iPhoneSimulator
		{E99B1918-9280-4EB8-96E2-153BB9D9CA52}.AppStore|iPhoneSimulator.Build.0 = AppStore|iPhoneSimulator
		{E99B1918-9280-4EB8-96E2-153BB9D9CA52}.AppStore|x86.ActiveCfg = AppStore|iPhone
		{E99B1918-9280-4EB8-96E2-153BB9D9CA52}.Debug|Any CPU.ActiveCfg = Debug|iPhone
		{E99B1918-9280-4EB8-96E2-153BB9D9CA52}.Debug|ARM.ActiveCfg = Debug|iPhone
		{E99B1918-9280-4EB8-96E2-153BB9D9CA52}.Debug|iPhone.ActiveCfg = Debug|iPhone
		{E99B1918-9280-4EB8-96E2-153BB9D9CA52}.Debug|iPhone.Build.0 = Debug|iPhone
		{E99B1918-9280-4EB8-96E2-153BB9D9CA52}.Debug|iPhoneSimulator.ActiveCfg = Debug|iPhoneSimulator
		{E99B1918-9280-4EB8-96E2-153BB9D9CA52}.Debug|iPhoneSimulator.Build.0 = Debug|iPhoneSimulator
		{E99B1918-9280-4EB8-96E2-153BB9D9CA52}.Debug|x86.ActiveCfg = Debug|iPhone
		{E99B1918-9280-4EB8-96E2-153BB9D9CA52}.Release|Any CPU.ActiveCfg = Release|iPhone
		{E99B1918-9280-4EB8-96E2-153BB9D9CA52}.Release|ARM.ActiveCfg = Release|iPhone
		{E99B1918-9280-4EB8-96E2-153BB9D9CA52}.Release|iPhone.ActiveCfg = Release|iPhone
		{E99B1918-9280-4EB8-96E2-153BB9D9CA52}.Release|iPhone.Build.0 = Release|iPhone
		{E99B1918-9280-4EB8-96E2-153BB9D9CA52}.Release|iPhoneSimulator.ActiveCfg = Release|iPhoneSimulator
		{E99B1918-9280-4EB8-96E2-153BB9D9CA52}.Release|iPhoneSimulator.Build.0 = Release|iPhoneSimulator
		{E99B1918-9280-4EB8-96E2-153BB9D9CA52}.Release|x86.ActiveCfg = Release|iPhone
		{1FCD2607-CF58-4A85-9CC7-465ACB3D72B0}.Ad-Hoc|Any CPU.ActiveCfg = Release|Any CPU
		{1FCD2607-CF58-4A85-9CC7-465ACB3D72B0}.Ad-Hoc|Any CPU.Build.0 = Release|Any CPU
		{1FCD2607-CF58-4A85-9CC7-465ACB3D72B0}.Ad-Hoc|Any CPU.Deploy.0 = Release|Any CPU
		{1FCD2607-CF58-4A85-9CC7-465ACB3D72B0}.Ad-Hoc|ARM.ActiveCfg = Release|Any CPU
		{1FCD2607-CF58-4A85-9CC7-465ACB3D72B0}.Ad-Hoc|ARM.Build.0 = Release|Any CPU
		{1FCD2607-CF58-4A85-9CC7-465ACB3D72B0}.Ad-Hoc|ARM.Deploy.0 = Release|Any CPU
		{1FCD2607-CF58-4A85-9CC7-465ACB3D72B0}.Ad-Hoc|iPhone.ActiveCfg = Release|Any CPU
		{1FCD2607-CF58-4A85-9CC7-465ACB3D72B0}.Ad-Hoc|iPhone.Build.0 = Release|Any CPU
		{1FCD2607-CF58-4A85-9CC7-465ACB3D72B0}.Ad-Hoc|iPhone.Deploy.0 = Release|Any CPU
		{1FCD2607-CF58-4A85-9CC7-465ACB3D72B0}.Ad-Hoc|iPhoneSimulator.ActiveCfg = Release|Any CPU
		{1FCD2607-CF58-4A85-9CC7-465ACB3D72B0}.Ad-Hoc|iPhoneSimulator.Build.0 = Release|Any CPU
		{1FCD2607-CF58-4A85-9CC7-465ACB3D72B0}.Ad-Hoc|iPhoneSimulator.Deploy.0 = Release|Any CPU
		{1FCD2607-CF58-4A85-9CC7-465ACB3D72B0}.Ad-Hoc|x86.ActiveCfg = Release|Any CPU
		{1FCD2607-CF58-4A85-9CC7-465ACB3D72B0}.Ad-Hoc|x86.Build.0 = Release|Any CPU
		{1FCD2607-CF58-4A85-9CC7-465ACB3D72B0}.Ad-Hoc|x86.Deploy.0 = Release|Any CPU
		{1FCD2607-CF58-4A85-9CC7-465ACB3D72B0}.AppStore|Any CPU.ActiveCfg = Release|Any CPU
		{1FCD2607-CF58-4A85-9CC7-465ACB3D72B0}.AppStore|Any CPU.Build.0 = Release|Any CPU
		{1FCD2607-CF58-4A85-9CC7-465ACB3D72B0}.AppStore|Any CPU.Deploy.0 = Release|Any CPU
		{1FCD2607-CF58-4A85-9CC7-465ACB3D72B0}.AppStore|ARM.ActiveCfg = Release|Any CPU
		{1FCD2607-CF58-4A85-9CC7-465ACB3D72B0}.AppStore|ARM.Build.0 = Release|Any CPU
		{1FCD2607-CF58-4A85-9CC7-465ACB3D72B0}.AppStore|ARM.Deploy.0 = Release|Any CPU
		{1FCD2607-CF58-4A85-9CC7-465ACB3D72B0}.AppStore|iPhone.ActiveCfg = Release|Any CPU
		{1FCD2607-CF58-4A85-9CC7-465ACB3D72B0}.AppStore|iPhone.Build.0 = Release|Any CPU
		{1FCD2607-CF58-4A85-9CC7-465ACB3D72B0}.AppStore|iPhone.Deploy.0 = Release|Any CPU
		{1FCD2607-CF58-4A85-9CC7-465ACB3D72B0}.AppStore|iPhoneSimulator.ActiveCfg = Release|Any CPU
		{1FCD2607-CF58-4A85-9CC7-465ACB3D72B0}.AppStore|iPhoneSimulator.Build.0 = Release|Any CPU
		{1FCD2607-CF58-4A85-9CC7-465ACB3D72B0}.AppStore|iPhoneSimulator.Deploy.0 = Release|Any CPU
		{1FCD2607-CF58-4A85-9CC7-465ACB3D72B0}.AppStore|x86.ActiveCfg = Release|Any CPU
		{1FCD2607-CF58-4A85-9CC7-465ACB3D72B0}.AppStore|x86.Build.0 = Release|Any CPU
		{1FCD2607-CF58-4A85-9CC7-465ACB3D72B0}.AppStore|x86.Deploy.0 = Release|Any CPU
		{1FCD2607-CF58-4A85-9CC7-465ACB3D72B0}.Debug|Any CPU.ActiveCfg = Debug|Any CPU
		{1FCD2607-CF58-4A85-9CC7-465ACB3D72B0}.Debug|Any CPU.Build.0 = Debug|Any CPU
		{1FCD2607-CF58-4A85-9CC7-465ACB3D72B0}.Debug|Any CPU.Deploy.0 = Debug|Any CPU
		{1FCD2607-CF58-4A85-9CC7-465ACB3D72B0}.Debug|ARM.ActiveCfg = Debug|Any CPU
		{1FCD2607-CF58-4A85-9CC7-465ACB3D72B0}.Debug|ARM.Build.0 = Debug|Any CPU
		{1FCD2607-CF58-4A85-9CC7-465ACB3D72B0}.Debug|ARM.Deploy.0 = Debug|Any CPU
		{1FCD2607-CF58-4A85-9CC7-465ACB3D72B0}.Debug|iPhone.ActiveCfg = Debug|Any CPU
		{1FCD2607-CF58-4A85-9CC7-465ACB3D72B0}.Debug|iPhone.Build.0 = Debug|Any CPU
		{1FCD2607-CF58-4A85-9CC7-465ACB3D72B0}.Debug|iPhone.Deploy.0 = Debug|Any CPU
		{1FCD2607-CF58-4A85-9CC7-465ACB3D72B0}.Debug|iPhoneSimulator.ActiveCfg = Debug|Any CPU
		{1FCD2607-CF58-4A85-9CC7-465ACB3D72B0}.Debug|iPhoneSimulator.Build.0 = Debug|Any CPU
		{1FCD2607-CF58-4A85-9CC7-465ACB3D72B0}.Debug|iPhoneSimulator.Deploy.0 = Debug|Any CPU
		{1FCD2607-CF58-4A85-9CC7-465ACB3D72B0}.Debug|x86.ActiveCfg = Debug|Any CPU
		{1FCD2607-CF58-4A85-9CC7-465ACB3D72B0}.Debug|x86.Build.0 = Debug|Any CPU
		{1FCD2607-CF58-4A85-9CC7-465ACB3D72B0}.Debug|x86.Deploy.0 = Debug|Any CPU
		{1FCD2607-CF58-4A85-9CC7-465ACB3D72B0}.Release|Any CPU.ActiveCfg = Release|Any CPU
		{1FCD2607-CF58-4A85-9CC7-465ACB3D72B0}.Release|Any CPU.Build.0 = Release|Any CPU
		{1FCD2607-CF58-4A85-9CC7-465ACB3D72B0}.Release|Any CPU.Deploy.0 = Release|Any CPU
		{1FCD2607-CF58-4A85-9CC7-465ACB3D72B0}.Release|ARM.ActiveCfg = Release|Any CPU
		{1FCD2607-CF58-4A85-9CC7-465ACB3D72B0}.Release|ARM.Build.0 = Release|Any CPU
		{1FCD2607-CF58-4A85-9CC7-465ACB3D72B0}.Release|ARM.Deploy.0 = Release|Any CPU
		{1FCD2607-CF58-4A85-9CC7-465ACB3D72B0}.Release|iPhone.ActiveCfg = Release|Any CPU
		{1FCD2607-CF58-4A85-9CC7-465ACB3D72B0}.Release|iPhone.Build.0 = Release|Any CPU
		{1FCD2607-CF58-4A85-9CC7-465ACB3D72B0}.Release|iPhone.Deploy.0 = Release|Any CPU
		{1FCD2607-CF58-4A85-9CC7-465ACB3D72B0}.Release|iPhoneSimulator.ActiveCfg = Release|Any CPU
		{1FCD2607-CF58-4A85-9CC7-465ACB3D72B0}.Release|iPhoneSimulator.Build.0 = Release|Any CPU
		{1FCD2607-CF58-4A85-9CC7-465ACB3D72B0}.Release|iPhoneSimulator.Deploy.0 = Release|Any CPU
		{1FCD2607-CF58-4A85-9CC7-465ACB3D72B0}.Release|x86.ActiveCfg = Release|Any CPU
		{1FCD2607-CF58-4A85-9CC7-465ACB3D72B0}.Release|x86.Build.0 = Release|Any CPU
		{1FCD2607-CF58-4A85-9CC7-465ACB3D72B0}.Release|x86.Deploy.0 = Release|Any CPU
		{23DE71DA-FF23-4554-99C5-0541ADAE8808}.Ad-Hoc|Any CPU.ActiveCfg = Release|Any CPU
		{23DE71DA-FF23-4554-99C5-0541ADAE8808}.Ad-Hoc|Any CPU.Build.0 = Release|Any CPU
		{23DE71DA-FF23-4554-99C5-0541ADAE8808}.Ad-Hoc|Any CPU.Deploy.0 = Release|Any CPU
		{23DE71DA-FF23-4554-99C5-0541ADAE8808}.Ad-Hoc|ARM.ActiveCfg = Release|ARM
		{23DE71DA-FF23-4554-99C5-0541ADAE8808}.Ad-Hoc|ARM.Build.0 = Release|ARM
		{23DE71DA-FF23-4554-99C5-0541ADAE8808}.Ad-Hoc|ARM.Deploy.0 = Release|ARM
		{23DE71DA-FF23-4554-99C5-0541ADAE8808}.Ad-Hoc|iPhone.ActiveCfg = Release|Any CPU
		{23DE71DA-FF23-4554-99C5-0541ADAE8808}.Ad-Hoc|iPhone.Build.0 = Release|Any CPU
		{23DE71DA-FF23-4554-99C5-0541ADAE8808}.Ad-Hoc|iPhone.Deploy.0 = Release|Any CPU
		{23DE71DA-FF23-4554-99C5-0541ADAE8808}.Ad-Hoc|iPhoneSimulator.ActiveCfg = Release|Any CPU
		{23DE71DA-FF23-4554-99C5-0541ADAE8808}.Ad-Hoc|iPhoneSimulator.Build.0 = Release|Any CPU
		{23DE71DA-FF23-4554-99C5-0541ADAE8808}.Ad-Hoc|iPhoneSimulator.Deploy.0 = Release|Any CPU
		{23DE71DA-FF23-4554-99C5-0541ADAE8808}.Ad-Hoc|x86.ActiveCfg = Release|x86
		{23DE71DA-FF23-4554-99C5-0541ADAE8808}.Ad-Hoc|x86.Build.0 = Release|x86
		{23DE71DA-FF23-4554-99C5-0541ADAE8808}.Ad-Hoc|x86.Deploy.0 = Release|x86
		{23DE71DA-FF23-4554-99C5-0541ADAE8808}.AppStore|Any CPU.ActiveCfg = Release|Any CPU
		{23DE71DA-FF23-4554-99C5-0541ADAE8808}.AppStore|Any CPU.Build.0 = Release|Any CPU
		{23DE71DA-FF23-4554-99C5-0541ADAE8808}.AppStore|Any CPU.Deploy.0 = Release|Any CPU
		{23DE71DA-FF23-4554-99C5-0541ADAE8808}.AppStore|ARM.ActiveCfg = Release|ARM
		{23DE71DA-FF23-4554-99C5-0541ADAE8808}.AppStore|ARM.Build.0 = Release|ARM
		{23DE71DA-FF23-4554-99C5-0541ADAE8808}.AppStore|ARM.Deploy.0 = Release|ARM
		{23DE71DA-FF23-4554-99C5-0541ADAE8808}.AppStore|iPhone.ActiveCfg = Release|Any CPU
		{23DE71DA-FF23-4554-99C5-0541ADAE8808}.AppStore|iPhone.Build.0 = Release|Any CPU
		{23DE71DA-FF23-4554-99C5-0541ADAE8808}.AppStore|iPhone.Deploy.0 = Release|Any CPU
		{23DE71DA-FF23-4554-99C5-0541ADAE8808}.AppStore|iPhoneSimulator.ActiveCfg = Release|Any CPU
		{23DE71DA-FF23-4554-99C5-0541ADAE8808}.AppStore|iPhoneSimulator.Build.0 = Release|Any CPU
		{23DE71DA-FF23-4554-99C5-0541ADAE8808}.AppStore|iPhoneSimulator.Deploy.0 = Release|Any CPU
		{23DE71DA-FF23-4554-99C5-0541ADAE8808}.AppStore|x86.ActiveCfg = Release|x86
		{23DE71DA-FF23-4554-99C5-0541ADAE8808}.AppStore|x86.Build.0 = Release|x86
		{23DE71DA-FF23-4554-99C5-0541ADAE8808}.AppStore|x86.Deploy.0 = Release|x86
		{23DE71DA-FF23-4554-99C5-0541ADAE8808}.Debug|Any CPU.ActiveCfg = Debug|Any CPU
		{23DE71DA-FF23-4554-99C5-0541ADAE8808}.Debug|Any CPU.Build.0 = Debug|Any CPU
		{23DE71DA-FF23-4554-99C5-0541ADAE8808}.Debug|Any CPU.Deploy.0 = Debug|Any CPU
		{23DE71DA-FF23-4554-99C5-0541ADAE8808}.Debug|ARM.ActiveCfg = Debug|ARM
		{23DE71DA-FF23-4554-99C5-0541ADAE8808}.Debug|ARM.Build.0 = Debug|ARM
		{23DE71DA-FF23-4554-99C5-0541ADAE8808}.Debug|ARM.Deploy.0 = Debug|ARM
		{23DE71DA-FF23-4554-99C5-0541ADAE8808}.Debug|iPhone.ActiveCfg = Debug|Any CPU
		{23DE71DA-FF23-4554-99C5-0541ADAE8808}.Debug|iPhone.Build.0 = Debug|Any CPU
		{23DE71DA-FF23-4554-99C5-0541ADAE8808}.Debug|iPhone.Deploy.0 = Debug|Any CPU
		{23DE71DA-FF23-4554-99C5-0541ADAE8808}.Debug|iPhoneSimulator.ActiveCfg = Debug|Any CPU
		{23DE71DA-FF23-4554-99C5-0541ADAE8808}.Debug|iPhoneSimulator.Build.0 = Debug|Any CPU
		{23DE71DA-FF23-4554-99C5-0541ADAE8808}.Debug|iPhoneSimulator.Deploy.0 = Debug|Any CPU
		{23DE71DA-FF23-4554-99C5-0541ADAE8808}.Debug|x86.ActiveCfg = Debug|x86
		{23DE71DA-FF23-4554-99C5-0541ADAE8808}.Debug|x86.Build.0 = Debug|x86
		{23DE71DA-FF23-4554-99C5-0541ADAE8808}.Debug|x86.Deploy.0 = Debug|x86
		{23DE71DA-FF23-4554-99C5-0541ADAE8808}.Release|Any CPU.ActiveCfg = Release|Any CPU
		{23DE71DA-FF23-4554-99C5-0541ADAE8808}.Release|Any CPU.Build.0 = Release|Any CPU
		{23DE71DA-FF23-4554-99C5-0541ADAE8808}.Release|Any CPU.Deploy.0 = Release|Any CPU
		{23DE71DA-FF23-4554-99C5-0541ADAE8808}.Release|ARM.ActiveCfg = Release|ARM
		{23DE71DA-FF23-4554-99C5-0541ADAE8808}.Release|ARM.Build.0 = Release|ARM
		{23DE71DA-FF23-4554-99C5-0541ADAE8808}.Release|ARM.Deploy.0 = Release|ARM
		{23DE71DA-FF23-4554-99C5-0541ADAE8808}.Release|iPhone.ActiveCfg = Release|Any CPU
		{23DE71DA-FF23-4554-99C5-0541ADAE8808}.Release|iPhone.Build.0 = Release|Any CPU
		{23DE71DA-FF23-4554-99C5-0541ADAE8808}.Release|iPhone.Deploy.0 = Release|Any CPU
		{23DE71DA-FF23-4554-99C5-0541ADAE8808}.Release|iPhoneSimulator.ActiveCfg = Release|Any CPU
		{23DE71DA-FF23-4554-99C5-0541ADAE8808}.Release|iPhoneSimulator.Build.0 = Release|Any CPU
		{23DE71DA-FF23-4554-99C5-0541ADAE8808}.Release|iPhoneSimulator.Deploy.0 = Release|Any CPU
		{23DE71DA-FF23-4554-99C5-0541ADAE8808}.Release|x86.ActiveCfg = Release|x86
		{23DE71DA-FF23-4554-99C5-0541ADAE8808}.Release|x86.Build.0 = Release|x86
		{23DE71DA-FF23-4554-99C5-0541ADAE8808}.Release|x86.Deploy.0 = Release|x86
	EndGlobalSection
	GlobalSection(SolutionProperties) = preSolution
		HideSolutionNode = FALSE
	EndGlobalSection
EndGlobal
